// !$*UTF8*$!
{
	archiveVersion = 1;
	classes = {
	};
	objectVersion = 55;
	objects = {

/* Begin PBXBuildFile section */
		681CFDD327B45EC10093E5FA /* AppDelegate.swift in Sources */ = {isa = PBXBuildFile; fileRef = 681CFDD227B45EC10093E5FA /* AppDelegate.swift */; };
		681CFDD527B45EC10093E5FA /* SceneDelegate.swift in Sources */ = {isa = PBXBuildFile; fileRef = 681CFDD427B45EC10093E5FA /* SceneDelegate.swift */; };
		681CFDD727B45EC10093E5FA /* MainViewController.swift in Sources */ = {isa = PBXBuildFile; fileRef = 681CFDD627B45EC10093E5FA /* MainViewController.swift */; };
		681CFDDA27B45EC10093E5FA /* Main.storyboard in Resources */ = {isa = PBXBuildFile; fileRef = 681CFDD827B45EC10093E5FA /* Main.storyboard */; };
		681CFDDC27B45EC60093E5FA /* Assets.xcassets in Resources */ = {isa = PBXBuildFile; fileRef = 681CFDDB27B45EC60093E5FA /* Assets.xcassets */; };
		681CFDDF27B45EC60093E5FA /* LaunchScreen.storyboard in Resources */ = {isa = PBXBuildFile; fileRef = 681CFDDD27B45EC60093E5FA /* LaunchScreen.storyboard */; };
		681CFDE727B47B6A0093E5FA /* FilmDetailsViewController.swift in Sources */ = {isa = PBXBuildFile; fileRef = 681CFDE627B47B6A0093E5FA /* FilmDetailsViewController.swift */; };
		681CFDE927B47BD50093E5FA /* Film.swift in Sources */ = {isa = PBXBuildFile; fileRef = 681CFDE827B47BD50093E5FA /* Film.swift */; };
		681CFDEB27B47BE70093E5FA /* NetworkManager.swift in Sources */ = {isa = PBXBuildFile; fileRef = 681CFDEA27B47BE70093E5FA /* NetworkManager.swift */; };
/* End PBXBuildFile section */

/* Begin PBXFileReference section */
		681CFDCF27B45EC10093E5FA /* api_practice_project.app */ = {isa = PBXFileReference; explicitFileType = wrapper.application; includeInIndex = 0; path = api_practice_project.app; sourceTree = BUILT_PRODUCTS_DIR; };
		681CFDD227B45EC10093E5FA /* AppDelegate.swift */ = {isa = PBXFileReference; lastKnownFileType = sourcecode.swift; path = AppDelegate.swift; sourceTree = "<group>"; };
		681CFDD427B45EC10093E5FA /* SceneDelegate.swift */ = {isa = PBXFileReference; lastKnownFileType = sourcecode.swift; path = SceneDelegate.swift; sourceTree = "<group>"; };
		681CFDD627B45EC10093E5FA /* MainViewController.swift */ = {isa = PBXFileReference; lastKnownFileType = sourcecode.swift; path = MainViewController.swift; sourceTree = "<group>"; };
		681CFDD927B45EC10093E5FA /* Base */ = {isa = PBXFileReference; lastKnownFileType = file.storyboard; name = Base; path = Base.lproj/Main.storyboard; sourceTree = "<group>"; };
		681CFDDB27B45EC60093E5FA /* Assets.xcassets */ = {isa = PBXFileReference; lastKnownFileType = folder.assetcatalog; path = Assets.xcassets; sourceTree = "<group>"; };
		681CFDDE27B45EC60093E5FA /* Base */ = {isa = PBXFileReference; lastKnownFileType = file.storyboard; name = Base; path = Base.lproj/LaunchScreen.storyboard; sourceTree = "<group>"; };
		681CFDE027B45EC60093E5FA /* Info.plist */ = {isa = PBXFileReference; lastKnownFileType = text.plist.xml; path = Info.plist; sourceTree = "<group>"; };
		681CFDE627B47B6A0093E5FA /* FilmDetailsViewController.swift */ = {isa = PBXFileReference; lastKnownFileType = sourcecode.swift; path = FilmDetailsViewController.swift; sourceTree = "<group>"; };
		681CFDE827B47BD50093E5FA /* Film.swift */ = {isa = PBXFileReference; lastKnownFileType = sourcecode.swift; path = Film.swift; sourceTree = "<group>"; };
		681CFDEA27B47BE70093E5FA /* NetworkManager.swift */ = {isa = PBXFileReference; lastKnownFileType = sourcecode.swift; path = NetworkManager.swift; sourceTree = "<group>"; };
/* End PBXFileReference section */

/* Begin PBXFrameworksBuildPhase section */
		681CFDCC27B45EC10093E5FA /* Frameworks */ = {
			isa = PBXFrameworksBuildPhase;
			buildActionMask = 2147483647;
			files = (
			);
			runOnlyForDeploymentPostprocessing = 0;
		};
/* End PBXFrameworksBuildPhase section */

/* Begin PBXGroup section */
		681CFDC627B45EC10093E5FA = {
			isa = PBXGroup;
			children = (
				681CFDD127B45EC10093E5FA /* api_practice_project */,
				681CFDD027B45EC10093E5FA /* Products */,
			);
			sourceTree = "<group>";
		};
		681CFDD027B45EC10093E5FA /* Products */ = {
			isa = PBXGroup;
			children = (
				681CFDCF27B45EC10093E5FA /* api_practice_project.app */,
			);
			name = Products;
			sourceTree = "<group>";
		};
		681CFDD127B45EC10093E5FA /* api_practice_project */ = {
			isa = PBXGroup;
			children = (
				681CFDD227B45EC10093E5FA /* AppDelegate.swift */,
				681CFDD427B45EC10093E5FA /* SceneDelegate.swift */,
				681CFDD627B45EC10093E5FA /* MainViewController.swift */,
				681CFDE627B47B6A0093E5FA /* FilmDetailsViewController.swift */,
				681CFDEA27B47BE70093E5FA /* NetworkManager.swift */,
				681CFDE827B47BD50093E5FA /* Film.swift */,
				681CFDD827B45EC10093E5FA /* Main.storyboard */,
				681CFDDB27B45EC60093E5FA /* Assets.xcassets */,
				681CFDDD27B45EC60093E5FA /* LaunchScreen.storyboard */,
				681CFDE027B45EC60093E5FA /* Info.plist */,
			);
			path = api_practice_project;
			sourceTree = "<group>";
		};
/* End PBXGroup section */

/* Begin PBXNativeTarget section */
		681CFDCE27B45EC10093E5FA /* api_practice_project */ = {
			isa = PBXNativeTarget;
			buildConfigurationList = 681CFDE327B45EC60093E5FA /* Build configuration list for PBXNativeTarget "api_practice_project" */;
			buildPhases = (
				681CFDCB27B45EC10093E5FA /* Sources */,
				681CFDCC27B45EC10093E5FA /* Frameworks */,
				681CFDCD27B45EC10093E5FA /* Resources */,
			);
			buildRules = (
			);
			dependencies = (
			);
			name = api_practice_project;
			productName = api_practice_project;
			productReference = 681CFDCF27B45EC10093E5FA /* api_practice_project.app */;
			productType = "com.apple.product-type.application";
		};
/* End PBXNativeTarget section */

/* Begin PBXProject section */
		681CFDC727B45EC10093E5FA /* Project object */ = {
			isa = PBXProject;
			attributes = {
				BuildIndependentTargetsInParallel = 1;
				LastSwiftUpdateCheck = 1300;
				LastUpgradeCheck = 1300;
				TargetAttributes = {
					681CFDCE27B45EC10093E5FA = {
						CreatedOnToolsVersion = 13.0;
					};
				};
			};
			buildConfigurationList = 681CFDCA27B45EC10093E5FA /* Build configuration list for PBXProject "api_practice_project" */;
			compatibilityVersion = "Xcode 13.0";
			developmentRegion = en;
			hasScannedForEncodings = 0;
			knownRegions = (
				en,
				Base,
			);
			mainGroup = 681CFDC627B45EC10093E5FA;
			productRefGroup = 681CFDD027B45EC10093E5FA /* Products */;
			projectDirPath = "";
			projectRoot = "";
			targets = (
				681CFDCE27B45EC10093E5FA /* api_practice_project */,
			);
		};
/* End PBXProject section */

/* Begin PBXResourcesBuildPhase section */
		681CFDCD27B45EC10093E5FA /* Resources */ = {
			isa = PBXResourcesBuildPhase;
			buildActionMask = 2147483647;
			files = (
				681CFDDF27B45EC60093E5FA /* LaunchScreen.storyboard in Resources */,
				681CFDDC27B45EC60093E5FA /* Assets.xcassets in Resources */,
				681CFDDA27B45EC10093E5FA /* Main.storyboard in Resources */,
			);
			runOnlyForDeploymentPostprocessing = 0;
		};
/* End PBXResourcesBuildPhase section */

/* Begin PBXSourcesBuildPhase section */
		681CFDCB27B45EC10093E5FA /* Sources */ = {
			isa = PBXSourcesBuildPhase;
			buildActionMask = 2147483647;
			files = (
				681CFDEB27B47BE70093E5FA /* NetworkManager.swift in Sources */,
				681CFDE927B47BD50093E5FA /* Film.swift in Sources */,
				681CFDD727B45EC10093E5FA /* MainViewController.swift in Sources */,
				681CFDD327B45EC10093E5FA /* AppDelegate.swift in Sources */,
				681CFDD527B45EC10093E5FA /* SceneDelegate.swift in Sources */,
				681CFDE727B47B6A0093E5FA /* FilmDetailsViewController.swift in Sources */,
			);
			runOnlyForDeploymentPostprocessing = 0;
		};
/* End PBXSourcesBuildPhase section */

/* Begin PBXVariantGroup section */
		681CFDD827B45EC10093E5FA /* Main.storyboard */ = {
			isa = PBXVariantGroup;
			children = (
				681CFDD927B45EC10093E5FA /* Base */,
			);
			name = Main.storyboard;
			sourceTree = "<group>";
		};
		681CFDDD27B45EC60093E5FA /* LaunchScreen.storyboard */ = {
			isa = PBXVariantGroup;
			children = (
				681CFDDE27B45EC60093E5FA /* Base */,
			);
			name = LaunchScreen.storyboard;
			sourceTree = "<group>";
		};
/* End PBXVariantGroup section */

/* Begin XCBuildConfiguration section */
		681CFDE127B45EC60093E5FA /* Debug */ = {
			isa = XCBuildConfiguration;
			buildSettings = {
				ALWAYS_SEARCH_USER_PATHS = NO;
				CLANG_ANALYZER_NONNULL = YES;
				CLANG_ANALYZER_NUMBER_OBJECT_CONVERSION = YES_AGGRESSIVE;
				CLANG_CXX_LANGUAGE_STANDARD = "gnu++17";
				CLANG_CXX_LIBRARY = "libc++";
				CLANG_ENABLE_MODULES = YES;
				CLANG_ENABLE_OBJC_ARC = YES;
				CLANG_ENABLE_OBJC_WEAK = YES;
				CLANG_WARN_BLOCK_CAPTURE_AUTORELEASING = YES;
				CLANG_WARN_BOOL_CONVERSION = YES;
				CLANG_WARN_COMMA = YES;
				CLANG_WARN_CONSTANT_CONVERSION = YES;
				CLANG_WARN_DEPRECATED_OBJC_IMPLEMENTATIONS = YES;
				CLANG_WARN_DIRECT_OBJC_ISA_USAGE = YES_ERROR;
				CLANG_WARN_DOCUMENTATION_COMMENTS = YES;
				CLANG_WARN_EMPTY_BODY = YES;
				CLANG_WARN_ENUM_CONVERSION = YES;
				CLANG_WARN_INFINITE_RECURSION = YES;
				CLANG_WARN_INT_CONVERSION = YES;
				CLANG_WARN_NON_LITERAL_NULL_CONVERSION = YES;
				CLANG_WARN_OBJC_IMPLICIT_RETAIN_SELF = YES;
				CLANG_WARN_OBJC_LITERAL_CONVERSION = YES;
				CLANG_WARN_OBJC_ROOT_CLASS = YES_ERROR;
				CLANG_WARN_QUOTED_INCLUDE_IN_FRAMEWORK_HEADER = YES;
				CLANG_WARN_RANGE_LOOP_ANALYSIS = YES;
				CLANG_WARN_STRICT_PROTOTYPES = YES;
				CLANG_WARN_SUSPICIOUS_MOVE = YES;
				CLANG_WARN_UNGUARDED_AVAILABILITY = YES_AGGRESSIVE;
				CLANG_WARN_UNREACHABLE_CODE = YES;
				CLANG_WARN__DUPLICATE_METHOD_MATCH = YES;
				COPY_PHASE_STRIP = NO;
				DEBUG_INFORMATION_FORMAT = dwarf;
				ENABLE_STRICT_OBJC_MSGSEND = YES;
				ENABLE_TESTABILITY = YES;
				GCC_C_LANGUAGE_STANDARD = gnu11;
				GCC_DYNAMIC_NO_PIC = NO;
				GCC_NO_COMMON_BLOCKS = YES;
				GCC_OPTIMIZATION_LEVEL = 0;
				GCC_PREPROCESSOR_DEFINITIONS = (
					"DEBUG=1",
					"$(inherited)",
				);
				GCC_WARN_64_TO_32_BIT_CONVERSION = YES;
				GCC_WARN_ABOUT_RETURN_TYPE = YES_ERROR;
				GCC_WARN_UNDECLARED_SELECTOR = YES;
				GCC_WARN_UNINITIALIZED_AUTOS = YES_AGGRESSIVE;
				GCC_WARN_UNUSED_FUNCTION = YES;
				GCC_WARN_UNUSED_VARIABLE = YES;
				IPHONEOS_DEPLOYMENT_TARGET = 15.0;
				MTL_ENABLE_DEBUG_INFO = INCLUDE_SOURCE;
				MTL_FAST_MATH = YES;
				ONLY_ACTIVE_ARCH = YES;
				SDKROOT = iphoneos;
				SWIFT_ACTIVE_COMPILATION_CONDITIONS = DEBUG;
				SWIFT_OPTIMIZATION_LEVEL = "-Onone";
			};
			name = Debug;
		};
		681CFDE227B45EC60093E5FA /* Release */ = {
			isa = XCBuildConfiguration;
			buildSettings = {
				ALWAYS_SEARCH_USER_PATHS = NO;
				CLANG_ANALYZER_NONNULL = YES;
				CLANG_ANALYZER_NUMBER_OBJECT_CONVERSION = YES_AGGRESSIVE;
				CLANG_CXX_LANGUAGE_STANDARD = "gnu++17";
				CLANG_CXX_LIBRARY = "libc++";
				CLANG_ENABLE_MODULES = YES;
				CLANG_ENABLE_OBJC_ARC = YES;
				CLANG_ENABLE_OBJC_WEAK = YES;
				CLANG_WARN_BLOCK_CAPTURE_AUTORELEASING = YES;
				CLANG_WARN_BOOL_CONVERSION = YES;
				CLANG_WARN_COMMA = YES;
				CLANG_WARN_CONSTANT_CONVERSION = YES;
				CLANG_WARN_DEPRECATED_OBJC_IMPLEMENTATIONS = YES;
				CLANG_WARN_DIRECT_OBJC_ISA_USAGE = YES_ERROR;
				CLANG_WARN_DOCUMENTATION_COMMENTS = YES;
				CLANG_WARN_EMPTY_BODY = YES;
				CLANG_WARN_ENUM_CONVERSION = YES;
				CLANG_WARN_INFINITE_RECURSION = YES;
				CLANG_WARN_INT_CONVERSION = YES;
				CLANG_WARN_NON_LITERAL_NULL_CONVERSION = YES;
				CLANG_WARN_OBJC_IMPLICIT_RETAIN_SELF = YES;
				CLANG_WARN_OBJC_LITERAL_CONVERSION = YES;
				CLANG_WARN_OBJC_ROOT_CLASS = YES_ERROR;
				CLANG_WARN_QUOTED_INCLUDE_IN_FRAMEWORK_HEADER = YES;
				CLANG_WARN_RANGE_LOOP_ANALYSIS = YES;
				CLANG_WARN_STRICT_PROTOTYPES = YES;
				CLANG_WARN_SUSPICIOUS_MOVE = YES;
				CLANG_WARN_UNGUARDED_AVAILABILITY = YES_AGGRESSIVE;
				CLANG_WARN_UNREACHABLE_CODE = YES;
				CLANG_WARN__DUPLICATE_METHOD_MATCH = YES;
				COPY_PHASE_STRIP = NO;
				DEBUG_INFORMATION_FORMAT = "dwarf-with-dsym";
				ENABLE_NS_ASSERTIONS = NO;
				ENABLE_STRICT_OBJC_MSGSEND = YES;
				GCC_C_LANGUAGE_STANDARD = gnu11;
				GCC_NO_COMMON_BLOCKS = YES;
				GCC_WARN_64_TO_32_BIT_CONVERSION = YES;
				GCC_WARN_ABOUT_RETURN_TYPE = YES_ERROR;
				GCC_WARN_UNDECLARED_SELECTOR = YES;
				GCC_WARN_UNINITIALIZED_AUTOS = YES_AGGRESSIVE;
				GCC_WARN_UNUSED_FUNCTION = YES;
				GCC_WARN_UNUSED_VARIABLE = YES;
				IPHONEOS_DEPLOYMENT_TARGET = 15.0;
				MTL_ENABLE_DEBUG_INFO = NO;
				MTL_FAST_MATH = YES;
				SDKROOT = iphoneos;
				SWIFT_COMPILATION_MODE = wholemodule;
				SWIFT_OPTIMIZATION_LEVEL = "-O";
				VALIDATE_PRODUCT = YES;
			};
			name = Release;
		};
		681CFDE427B45EC60093E5FA /* Debug */ = {
			isa = XCBuildConfiguration;
			buildSettings = {
				ASSETCATALOG_COMPILER_APPICON_NAME = AppIcon;
				ASSETCATALOG_COMPILER_GLOBAL_ACCENT_COLOR_NAME = AccentColor;
				CODE_SIGN_STYLE = Automatic;
				CURRENT_PROJECT_VERSION = 1;
				DEVELOPMENT_TEAM = K889TCMG57;
				GENERATE_INFOPLIST_FILE = YES;
				INFOPLIST_FILE = api_practice_project/Info.plist;
				INFOPLIST_KEY_UIApplicationSupportsIndirectInputEvents = YES;
				INFOPLIST_KEY_UILaunchStoryboardName = LaunchScreen;
				INFOPLIST_KEY_UIMainStoryboardFile = Main;
				INFOPLIST_KEY_UISupportedInterfaceOrientations_iPad = "UIInterfaceOrientationPortrait UIInterfaceOrientationPortraitUpsideDown UIInterfaceOrientationLandscapeLeft UIInterfaceOrientationLandscapeRight";
				INFOPLIST_KEY_UISupportedInterfaceOrientations_iPhone = "UIInterfaceOrientationPortrait UIInterfaceOrientationLandscapeLeft UIInterfaceOrientationLandscapeRight";
				LD_RUNPATH_SEARCH_PATHS = (
					"$(inherited)",
					"@executable_path/Frameworks",
				);
				MARKETING_VERSION = 1.0;
				PRODUCT_BUNDLE_IDENTIFIER = "com.example.api-practice-project";
				PRODUCT_NAME = "$(TARGET_NAME)";
				SWIFT_EMIT_LOC_STRINGS = YES;
				SWIFT_VERSION = 5.0;
				TARGETED_DEVICE_FAMILY = 1;
			};
			name = Debug;
		};
		681CFDE527B45EC60093E5FA /* Release */ = {
			isa = XCBuildConfiguration;
			buildSettings = {
				ASSETCATALOG_COMPILER_APPICON_NAME = AppIcon;
				ASSETCATALOG_COMPILER_GLOBAL_ACCENT_COLOR_NAME = AccentColor;
				CODE_SIGN_STYLE = Automatic;
				CURRENT_PROJECT_VERSION = 1;
				DEVELOPMENT_TEAM = K889TCMG57;
				GENERATE_INFOPLIST_FILE = YES;
				INFOPLIST_FILE = api_practice_project/Info.plist;
				INFOPLIST_KEY_UIApplicationSupportsIndirectInputEvents = YES;
				INFOPLIST_KEY_UILaunchStoryboardName = LaunchScreen;
				INFOPLIST_KEY_UIMainStoryboardFile = Main;
				INFOPLIST_KEY_UISupportedInterfaceOrientations_iPad = "UIInterfaceOrientationPortrait UIInterfaceOrientationPortraitUpsideDown UIInterfaceOrientationLandscapeLeft UIInterfaceOrientationLandscapeRight";
				INFOPLIST_KEY_UISupportedInterfaceOrientations_iPhone = "UIInterfaceOrientationPortrait UIInterfaceOrientationLandscapeLeft UIInterfaceOrientationLandscapeRight";
				LD_RUNPATH_SEARCH_PATHS = (
					"$(inherited)",
					"@executable_path/Frameworks",
				);
				MARKETING_VERSION = 1.0;
				PRODUCT_BUNDLE_IDENTIFIER = "com.example.api-practice-project";
				PRODUCT_NAME = "$(TARGET_NAME)";
				SWIFT_EMIT_LOC_STRINGS = YES;
				SWIFT_VERSION = 5.0;
				TARGETED_DEVICE_FAMILY = 1;
			};
			name = Release;
		};
/* End XCBuildConfiguration section */

/* Begin XCConfigurationList section */
		681CFDCA27B45EC10093E5FA /* Build configuration list for PBXProject "api_practice_project" */ = {
			isa = XCConfigurationList;
			buildConfigurations = (
				681CFDE127B45EC60093E5FA /* Debug */,
				681CFDE227B45EC60093E5FA /* Release */,
			);
			defaultConfigurationIsVisible = 0;
			defaultConfigurationName = Release;
		};
		681CFDE327B45EC60093E5FA /* Build configuration list for PBXNativeTarget "api_practice_project" */ = {
			isa = XCConfigurationList;
			buildConfigurations = (
				681CFDE427B45EC60093E5FA /* Debug */,
				681CFDE527B45EC60093E5FA /* Release */,
			);
			defaultConfigurationIsVisible = 0;
			defaultConfigurationName = Release;
		};
/* End XCConfigurationList section */
	};
	rootObject = 681CFDC727B45EC10093E5FA /* Project object */;
}
